// !$*UTF8*$!
{
	archiveVersion = 1;
	classes = {
	};
	objectVersion = 46;
	objects = {

/* Begin PBXBuildFile section */
		FC34FE9B1AD0549B0034C819 /* AppDelegate.swift in Sources */ = {isa = PBXBuildFile; fileRef = FC34FE9A1AD0549B0034C819 /* AppDelegate.swift */; };
		FC34FEA01AD0549B0034C819 /* Main.storyboard in Resources */ = {isa = PBXBuildFile; fileRef = FC34FE9E1AD0549B0034C819 /* Main.storyboard */; };
		FC34FEA21AD0549B0034C819 /* Images.xcassets in Resources */ = {isa = PBXBuildFile; fileRef = FC34FEA11AD0549B0034C819 /* Images.xcassets */; };
		FC34FEA51AD0549B0034C819 /* LaunchScreen.xib in Resources */ = {isa = PBXBuildFile; fileRef = FC34FEA31AD0549B0034C819 /* LaunchScreen.xib */; };
		FC34FEBB1AD055B00034C819 /* SketchGetHandlerTests.swift in Sources */ = {isa = PBXBuildFile; fileRef = FC34FEBA1AD055B00034C819 /* SketchGetHandlerTests.swift */; };
		FC34FEBE1AD0583E0034C819 /* SketchGetHandler.swift in Sources */ = {isa = PBXBuildFile; fileRef = FC34FEBD1AD0583E0034C819 /* SketchGetHandler.swift */; };
		FC47F5981AD1C04E00CFA035 /* SketchCollectionViewController.swift in Sources */ = {isa = PBXBuildFile; fileRef = FC47F5971AD1C04E00CFA035 /* SketchCollectionViewController.swift */; };
		FC5B73BE1AE1801D0052AE90 /* SketchCell.swift in Sources */ = {isa = PBXBuildFile; fileRef = FC5B73BD1AE1801D0052AE90 /* SketchCell.swift */; };
/* End PBXBuildFile section */

/* Begin PBXContainerItemProxy section */
		FC34FEAB1AD0549B0034C819 /* PBXContainerItemProxy */ = {
			isa = PBXContainerItemProxy;
			containerPortal = FC34FE8D1AD0549B0034C819 /* Project object */;
			proxyType = 1;
			remoteGlobalIDString = FC34FE941AD0549B0034C819;
			remoteInfo = Peinto;
		};
/* End PBXContainerItemProxy section */

/* Begin PBXFileReference section */
		FC34FE951AD0549B0034C819 /* Peinto.app */ = {isa = PBXFileReference; explicitFileType = wrapper.application; includeInIndex = 0; path = Peinto.app; sourceTree = BUILT_PRODUCTS_DIR; };
		FC34FE991AD0549B0034C819 /* Info.plist */ = {isa = PBXFileReference; lastKnownFileType = text.plist.xml; path = Info.plist; sourceTree = "<group>"; };
		FC34FE9A1AD0549B0034C819 /* AppDelegate.swift */ = {isa = PBXFileReference; lastKnownFileType = sourcecode.swift; path = AppDelegate.swift; sourceTree = "<group>"; };
		FC34FE9F1AD0549B0034C819 /* Base */ = {isa = PBXFileReference; lastKnownFileType = file.storyboard; name = Base; path = Base.lproj/Main.storyboard; sourceTree = "<group>"; };
		FC34FEA11AD0549B0034C819 /* Images.xcassets */ = {isa = PBXFileReference; lastKnownFileType = folder.assetcatalog; path = Images.xcassets; sourceTree = "<group>"; };
		FC34FEA41AD0549B0034C819 /* Base */ = {isa = PBXFileReference; lastKnownFileType = file.xib; name = Base; path = Base.lproj/LaunchScreen.xib; sourceTree = "<group>"; };
		FC34FEAA1AD0549B0034C819 /* PeintoTests.xctest */ = {isa = PBXFileReference; explicitFileType = wrapper.cfbundle; includeInIndex = 0; path = PeintoTests.xctest; sourceTree = BUILT_PRODUCTS_DIR; };
		FC34FEAF1AD0549B0034C819 /* Info.plist */ = {isa = PBXFileReference; lastKnownFileType = text.plist.xml; path = Info.plist; sourceTree = "<group>"; };
		FC34FEBA1AD055B00034C819 /* SketchGetHandlerTests.swift */ = {isa = PBXFileReference; fileEncoding = 4; lastKnownFileType = sourcecode.swift; path = SketchGetHandlerTests.swift; sourceTree = "<group>"; };
		FC34FEBD1AD0583E0034C819 /* SketchGetHandler.swift */ = {isa = PBXFileReference; fileEncoding = 4; lastKnownFileType = sourcecode.swift; path = SketchGetHandler.swift; sourceTree = "<group>"; };
		FC47F5971AD1C04E00CFA035 /* SketchCollectionViewController.swift */ = {isa = PBXFileReference; fileEncoding = 4; lastKnownFileType = sourcecode.swift; path = SketchCollectionViewController.swift; sourceTree = "<group>"; };
		FC5B73BD1AE1801D0052AE90 /* SketchCell.swift */ = {isa = PBXFileReference; fileEncoding = 4; lastKnownFileType = sourcecode.swift; path = SketchCell.swift; sourceTree = "<group>"; };
/* End PBXFileReference section */

/* Begin PBXFrameworksBuildPhase section */
		FC34FE921AD0549B0034C819 /* Frameworks */ = {
			isa = PBXFrameworksBuildPhase;
			buildActionMask = 2147483647;
			files = (
			);
			runOnlyForDeploymentPostprocessing = 0;
		};
		FC34FEA71AD0549B0034C819 /* Frameworks */ = {
			isa = PBXFrameworksBuildPhase;
			buildActionMask = 2147483647;
			files = (
			);
			runOnlyForDeploymentPostprocessing = 0;
		};
/* End PBXFrameworksBuildPhase section */

/* Begin PBXGroup section */
		FC34FE8C1AD0549B0034C819 = {
			isa = PBXGroup;
			children = (
				FC34FE971AD0549B0034C819 /* Peinto */,
				FC34FEAD1AD0549B0034C819 /* PeintoTests */,
				FC34FE961AD0549B0034C819 /* Products */,
			);
			sourceTree = "<group>";
		};
		FC34FE961AD0549B0034C819 /* Products */ = {
			isa = PBXGroup;
			children = (
				FC34FE951AD0549B0034C819 /* Peinto.app */,
				FC34FEAA1AD0549B0034C819 /* PeintoTests.xctest */,
			);
			name = Products;
			sourceTree = "<group>";
		};
		FC34FE971AD0549B0034C819 /* Peinto */ = {
			isa = PBXGroup;
			children = (
				FC34FEBC1AD057CF0034C819 /* Handlers */,
				FC34FE9A1AD0549B0034C819 /* AppDelegate.swift */,
				FC47F5971AD1C04E00CFA035 /* SketchCollectionViewController.swift */,
				FC34FE9E1AD0549B0034C819 /* Main.storyboard */,
				FC34FEA11AD0549B0034C819 /* Images.xcassets */,
				FC34FEA31AD0549B0034C819 /* LaunchScreen.xib */,
				FC34FE981AD0549B0034C819 /* Supporting Files */,
			);
			path = Peinto;
			sourceTree = "<group>";
		};
		FC34FE981AD0549B0034C819 /* Supporting Files */ = {
			isa = PBXGroup;
			children = (
				FC34FE991AD0549B0034C819 /* Info.plist */,
			);
			name = "Supporting Files";
			sourceTree = "<group>";
		};
		FC34FEAD1AD0549B0034C819 /* PeintoTests */ = {
			isa = PBXGroup;
			children = (
				FC34FEAE1AD0549B0034C819 /* Supporting Files */,
				FC34FEBA1AD055B00034C819 /* SketchGetHandlerTests.swift */,
			);
			path = PeintoTests;
			sourceTree = "<group>";
		};
		FC34FEAE1AD0549B0034C819 /* Supporting Files */ = {
			isa = PBXGroup;
			children = (
				FC34FEAF1AD0549B0034C819 /* Info.plist */,
			);
			name = "Supporting Files";
			sourceTree = "<group>";
		};
		FC34FEBC1AD057CF0034C819 /* Handlers */ = {
			isa = PBXGroup;
			children = (
				FC34FEBD1AD0583E0034C819 /* SketchGetHandler.swift */,
				FC5B73BD1AE1801D0052AE90 /* SketchCell.swift */,
			);
			name = Handlers;
			path = ..;
			sourceTree = "<group>";
		};
/* End PBXGroup section */

/* Begin PBXNativeTarget section */
		FC34FE941AD0549B0034C819 /* Peinto */ = {
			isa = PBXNativeTarget;
			buildConfigurationList = FC34FEB41AD0549B0034C819 /* Build configuration list for PBXNativeTarget "Peinto" */;
			buildPhases = (
				FC34FE911AD0549B0034C819 /* Sources */,
				FC34FE921AD0549B0034C819 /* Frameworks */,
				FC34FE931AD0549B0034C819 /* Resources */,
			);
			buildRules = (
			);
			dependencies = (
			);
			name = Peinto;
			productName = Peinto;
			productReference = FC34FE951AD0549B0034C819 /* Peinto.app */;
			productType = "com.apple.product-type.application";
		};
		FC34FEA91AD0549B0034C819 /* PeintoTests */ = {
			isa = PBXNativeTarget;
			buildConfigurationList = FC34FEB71AD0549B0034C819 /* Build configuration list for PBXNativeTarget "PeintoTests" */;
			buildPhases = (
				FC34FEA61AD0549B0034C819 /* Sources */,
				FC34FEA71AD0549B0034C819 /* Frameworks */,
				FC34FEA81AD0549B0034C819 /* Resources */,
			);
			buildRules = (
			);
			dependencies = (
				FC34FEAC1AD0549B0034C819 /* PBXTargetDependency */,
			);
			name = PeintoTests;
			productName = PeintoTests;
			productReference = FC34FEAA1AD0549B0034C819 /* PeintoTests.xctest */;
			productType = "com.apple.product-type.bundle.unit-test";
		};
/* End PBXNativeTarget section */

/* Begin PBXProject section */
		FC34FE8D1AD0549B0034C819 /* Project object */ = {
			isa = PBXProject;
			attributes = {
				LastUpgradeCheck = 0630;
				ORGANIZATIONNAME = "Nick Jones";
				TargetAttributes = {
					FC34FE941AD0549B0034C819 = {
						CreatedOnToolsVersion = 6.3;
					};
					FC34FEA91AD0549B0034C819 = {
						CreatedOnToolsVersion = 6.3;
						TestTargetID = FC34FE941AD0549B0034C819;
					};
				};
			};
			buildConfigurationList = FC34FE901AD0549B0034C819 /* Build configuration list for PBXProject "Peinto" */;
			compatibilityVersion = "Xcode 3.2";
			developmentRegion = English;
			hasScannedForEncodings = 0;
			knownRegions = (
				en,
				Base,
			);
			mainGroup = FC34FE8C1AD0549B0034C819;
			productRefGroup = FC34FE961AD0549B0034C819 /* Products */;
			projectDirPath = "";
			projectRoot = "";
			targets = (
				FC34FE941AD0549B0034C819 /* Peinto */,
				FC34FEA91AD0549B0034C819 /* PeintoTests */,
			);
		};
/* End PBXProject section */

/* Begin PBXResourcesBuildPhase section */
		FC34FE931AD0549B0034C819 /* Resources */ = {
			isa = PBXResourcesBuildPhase;
			buildActionMask = 2147483647;
			files = (
				FC34FEA01AD0549B0034C819 /* Main.storyboard in Resources */,
				FC34FEA51AD0549B0034C819 /* LaunchScreen.xib in Resources */,
				FC34FEA21AD0549B0034C819 /* Images.xcassets in Resources */,
			);
			runOnlyForDeploymentPostprocessing = 0;
		};
		FC34FEA81AD0549B0034C819 /* Resources */ = {
			isa = PBXResourcesBuildPhase;
			buildActionMask = 2147483647;
			files = (
			);
			runOnlyForDeploymentPostprocessing = 0;
		};
/* End PBXResourcesBuildPhase section */

/* Begin PBXSourcesBuildPhase section */
		FC34FE911AD0549B0034C819 /* Sources */ = {
			isa = PBXSourcesBuildPhase;
			buildActionMask = 2147483647;
			files = (
				FC47F5981AD1C04E00CFA035 /* SketchCollectionViewController.swift in Sources */,
				FC5B73BE1AE1801D0052AE90 /* SketchCell.swift in Sources */,
				FC34FE9B1AD0549B0034C819 /* AppDelegate.swift in Sources */,
				FC34FEBE1AD0583E0034C819 /* SketchGetHandler.swift in Sources */,
			);
			runOnlyForDeploymentPostprocessing = 0;
		};
		FC34FEA61AD0549B0034C819 /* Sources */ = {
			isa = PBXSourcesBuildPhase;
			buildActionMask = 2147483647;
			files = (
				FC34FEBB1AD055B00034C819 /* SketchGetHandlerTests.swift in Sources */,
			);
			runOnlyForDeploymentPostprocessing = 0;
		};
/* End PBXSourcesBuildPhase section */

/* Begin PBXTargetDependency section */
		FC34FEAC1AD0549B0034C819 /* PBXTargetDependency */ = {
			isa = PBXTargetDependency;
			target = FC34FE941AD0549B0034C819 /* Peinto */;
			targetProxy = FC34FEAB1AD0549B0034C819 /* PBXContainerItemProxy */;
		};
/* End PBXTargetDependency section */

/* Begin PBXVariantGroup section */
		FC34FE9E1AD0549B0034C819 /* Main.storyboard */ = {
			isa = PBXVariantGroup;
			children = (
				FC34FE9F1AD0549B0034C819 /* Base */,
			);
			name = Main.storyboard;
			sourceTree = "<group>";
		};
		FC34FEA31AD0549B0034C819 /* LaunchScreen.xib */ = {
			isa = PBXVariantGroup;
			children = (
				FC34FEA41AD0549B0034C819 /* Base */,
			);
			name = LaunchScreen.xib;
			sourceTree = "<group>";
		};
/* End PBXVariantGroup section */

/* Begin XCBuildConfiguration section */
		FC34FEB21AD0549B0034C819 /* Debug */ = {
			isa = XCBuildConfiguration;
			buildSettings = {
				ALWAYS_SEARCH_USER_PATHS = NO;
				CLANG_CXX_LANGUAGE_STANDARD = "gnu++0x";
				CLANG_CXX_LIBRARY = "libc++";
				CLANG_ENABLE_MODULES = YES;
				CLANG_ENABLE_OBJC_ARC = YES;
				CLANG_WARN_BOOL_CONVERSION = YES;
				CLANG_WARN_CONSTANT_CONVERSION = YES;
				CLANG_WARN_DIRECT_OBJC_ISA_USAGE = YES_ERROR;
				CLANG_WARN_EMPTY_BODY = YES;
				CLANG_WARN_ENUM_CONVERSION = YES;
				CLANG_WARN_INT_CONVERSION = YES;
				CLANG_WARN_OBJC_ROOT_CLASS = YES_ERROR;
				CLANG_WARN_UNREACHABLE_CODE = YES;
				CLANG_WARN__DUPLICATE_METHOD_MATCH = YES;
				"CODE_SIGN_IDENTITY[sdk=iphoneos*]" = "iPhone Developer";
				COPY_PHASE_STRIP = NO;
				DEBUG_INFORMATION_FORMAT = dwarf;
				ENABLE_STRICT_OBJC_MSGSEND = YES;
				GCC_C_LANGUAGE_STANDARD = gnu99;
				GCC_DYNAMIC_NO_PIC = NO;
				GCC_NO_COMMON_BLOCKS = YES;
				GCC_OPTIMIZATION_LEVEL = 0;
				GCC_PREPROCESSOR_DEFINITIONS = (
					"DEBUG=1",
					"$(inherited)",
				);
				GCC_SYMBOLS_PRIVATE_EXTERN = NO;
				GCC_WARN_64_TO_32_BIT_CONVERSION = YES;
				GCC_WARN_ABOUT_RETURN_TYPE = YES_ERROR;
				GCC_WARN_UNDECLARED_SELECTOR = YES;
				GCC_WARN_UNINITIALIZED_AUTOS = YES_AGGRESSIVE;
				GCC_WARN_UNUSED_FUNCTION = YES;
				GCC_WARN_UNUSED_VARIABLE = YES;
				IPHONEOS_DEPLOYMENT_TARGET = 8.1;
				MTL_ENABLE_DEBUG_INFO = YES;
				ONLY_ACTIVE_ARCH = YES;
				SDKROOT = iphoneos;
				SWIFT_OPTIMIZATION_LEVEL = "-Onone";
			};
			name = Debug;
		};
		FC34FEB31AD0549B0034C819 /* Release */ = {
			isa = XCBuildConfiguration;
			buildSettings = {
				ALWAYS_SEARCH_USER_PATHS = NO;
				CLANG_CXX_LANGUAGE_STANDARD = "gnu++0x";
				CLANG_CXX_LIBRARY = "libc++";
				CLANG_ENABLE_MODULES = YES;
				CLANG_ENABLE_OBJC_ARC = YES;
				CLANG_WARN_BOOL_CONVERSION = YES;
				CLANG_WARN_CONSTANT_CONVERSION = YES;
				CLANG_WARN_DIRECT_OBJC_ISA_USAGE = YES_ERROR;
				CLANG_WARN_EMPTY_BODY = YES;
				CLANG_WARN_ENUM_CONVERSION = YES;
				CLANG_WARN_INT_CONVERSION = YES;
				CLANG_WARN_OBJC_ROOT_CLASS = YES_ERROR;
				CLANG_WARN_UNREACHABLE_CODE = YES;
				CLANG_WARN__DUPLICATE_METHOD_MATCH = YES;
				"CODE_SIGN_IDENTITY[sdk=iphoneos*]" = "iPhone Developer";
				COPY_PHASE_STRIP = NO;
				DEBUG_INFORMATION_FORMAT = "dwarf-with-dsym";
				ENABLE_NS_ASSERTIONS = NO;
				ENABLE_STRICT_OBJC_MSGSEND = YES;
				GCC_C_LANGUAGE_STANDARD = gnu99;
				GCC_NO_COMMON_BLOCKS = YES;
				GCC_WARN_64_TO_32_BIT_CONVERSION = YES;
				GCC_WARN_ABOUT_RETURN_TYPE = YES_ERROR;
				GCC_WARN_UNDECLARED_SELECTOR = YES;
				GCC_WARN_UNINITIALIZED_AUTOS = YES_AGGRESSIVE;
				GCC_WARN_UNUSED_FUNCTION = YES;
				GCC_WARN_UNUSED_VARIABLE = YES;
				IPHONEOS_DEPLOYMENT_TARGET = 8.1;
				MTL_ENABLE_DEBUG_INFO = NO;
				SDKROOT = iphoneos;
				VALIDATE_PRODUCT = YES;
			};
			name = Release;
		};
		FC34FEB51AD0549B0034C819 /* Debug */ = {
			isa = XCBuildConfiguration;
			buildSettings = {
				ASSETCATALOG_COMPILER_APPICON_NAME = AppIcon;
				INFOPLIST_FILE = Peinto/Info.plist;
				IPHONEOS_DEPLOYMENT_TARGET = 8.1;
				LD_RUNPATH_SEARCH_PATHS = "$(inherited) @executable_path/Frameworks";
				PRODUCT_NAME = "$(TARGET_NAME)";
				SDKROOT = iphoneos;
			};
			name = Debug;
		};
		FC34FEB61AD0549B0034C819 /* Release */ = {
			isa = XCBuildConfiguration;
			buildSettings = {
				ASSETCATALOG_COMPILER_APPICON_NAME = AppIcon;
				INFOPLIST_FILE = Peinto/Info.plist;
				IPHONEOS_DEPLOYMENT_TARGET = 8.1;
				LD_RUNPATH_SEARCH_PATHS = "$(inherited) @executable_path/Frameworks";
				PRODUCT_NAME = "$(TARGET_NAME)";
				SDKROOT = iphoneos;
			};
			name = Release;
		};
		FC34FEB81AD0549B0034C819 /* Debug */ = {
			isa = XCBuildConfiguration;
			buildSettings = {
				BUNDLE_LOADER = "$(TEST_HOST)";
				FRAMEWORK_SEARCH_PATHS = (
					"$(SDKROOT)/Developer/Library/Frameworks",
					"$(inherited)",
				);
				GCC_PREPROCESSOR_DEFINITIONS = (
					"DEBUG=1",
					"$(inherited)",
				);
				INFOPLIST_FILE = PeintoTests/Info.plist;
				LD_RUNPATH_SEARCH_PATHS = "$(inherited) @executable_path/Frameworks @loader_path/Frameworks";
				PRODUCT_NAME = "$(TARGET_NAME)";
				TEST_HOST = "$(BUILT_PRODUCTS_DIR)/Peinto.app/Peinto";
			};
			name = Debug;
		};
		FC34FEB91AD0549B0034C819 /* Release */ = {
			isa = XCBuildConfiguration;
			buildSettings = {
				BUNDLE_LOADER = "$(TEST_HOST)";
				FRAMEWORK_SEARCH_PATHS = (
					"$(SDKROOT)/Developer/Library/Frameworks",
					"$(inherited)",
				);
				INFOPLIST_FILE = PeintoTests/Info.plist;
				LD_RUNPATH_SEARCH_PATHS = "$(inherited) @executable_path/Frameworks @loader_path/Frameworks";
				PRODUCT_NAME = "$(TARGET_NAME)";
				TEST_HOST = "$(BUILT_PRODUCTS_DIR)/Peinto.app/Peinto";
			};
			name = Release;
		};
/* End XCBuildConfiguration section */

/* Begin XCConfigurationList section */
		FC34FE901AD0549B0034C819 /* Build configuration list for PBXProject "Peinto" */ = {
			isa = XCConfigurationList;
			buildConfigurations = (
				FC34FEB21AD0549B0034C819 /* Debug */,
				FC34FEB31AD0549B0034C819 /* Release */,
			);
			defaultConfigurationIsVisible = 0;
			defaultConfigurationName = Release;
		};
		FC34FEB41AD0549B0034C819 /* Build configuration list for PBXNativeTarget "Peinto" */ = {
			isa = XCConfigurationList;
			buildConfigurations = (
				FC34FEB51AD0549B0034C819 /* Debug */,
				FC34FEB61AD0549B0034C819 /* Release */,
			);
			defaultConfigurationIsVisible = 0;
			defaultConfigurationName = Release;
		};
		FC34FEB71AD0549B0034C819 /* Build configuration list for PBXNativeTarget "PeintoTests" */ = {
			isa = XCConfigurationList;
			buildConfigurations = (
				FC34FEB81AD0549B0034C819 /* Debug */,
				FC34FEB91AD0549B0034C819 /* Release */,
			);
			defaultConfigurationIsVisible = 0;
			defaultConfigurationName = Release;
		};
/* End XCConfigurationList section */
	};
	rootObject = FC34FE8D1AD0549B0034C819 /* Project object */;
}
